{
  "registry": "blamechris/skill-templates",
  "skills": {
    "agent-review": {
      "hash": "5c35725",
      "installed": "2026-07-30"
    },
    "agentic-audit": {
      "hash": "8196307",
      "installed": "2026-07-30"
    },
    "autonomous-dev-flow": {
      "hash": "8196307",
      "installed": "2026-07-30"
    },
    "batch-merge": {
      "hash": "8c8e472",
      "installed": "2026-07-30"
    },
    "bug-hunt": {
      "hash": "8196307",
      "installed": "2026-07-30"
    },
    "catchup": {
      "hash": "3f7f775",
      "installed": "2026-07-30"
    },
    "check-pr": {
      "hash": "cc062bc",
      "installed": "2026-06-03"
    },
    "create-issue": {
      "hash": "12b011f",
      "installed": "2026-07-30"
    },
    "create-pr": {
      "hash": "12b011f",
      "installed": "2026-07-30"
    },
    "decompose-issue": {
      "hash": "b4268c2",
      "installed": "2026-07-30"
    },
    "fix-ci": {
      "hash": "3768ea6",
      "installed": "2026-07-30"
    },
    "full-review": {
      "hash": "1e5962e",
      "installed": "2026-07-30"
    },
    "learn": {
      "hash": "df2de5e",
      "installed": "2026-07-30"
    },
    "manual-testing-mode": {
      "hash": "a1368f4",
      "installed": "2026-07-30"
    },
    "merge": {
      "hash": "d34b05d",
      "installed": "2026-07-30"
    },
    "parallel-dev": {
      "hash": "8196307",
      "installed": "2026-07-30"
    },
    "prime-directive": {
      "hash": "8196307",
      "installed": "2026-07-30"
    },
    "project-audit": {
      "hash": "8196307",
      "installed": "2026-07-30"
    },
    "recon": {
      "hash": "7f5fa28",
      "installed": "2026-07-30"
    },
    "session-lifecycle": {
      "hash": "8196307",
      "installed": "2026-07-30"
    },
    "skill": {
      "hash": "7b4d37f",
      "installed": "2026-07-30"
    },
    "smoke-form": {
      "hash": "eb1a1e5",
      "installed": "2026-07-30",
      "profileHash": "57b5312"
    },
    "smoke-test": {
      "hash": "21fa678",
      "installed": "2026-06-03"
    },
    "start-working": {
      "hash": "5df829a",
      "installed": "2026-07-30"
    },
    "swarm-audit": {
      "hash": "8196307",
      "installed": "2026-07-30"
    },
    "tackle-issues": {
      "hash": "8196307",
      "installed": "2026-07-30"
    },
    "tiered-delegation": {
      "hash": "8196307",
      "installed": "2026-07-30"
    },
    "visual-brief": {
      "hash": "a85c799",
      "installed": "2026-07-30",
      "profileHash": "57b5312"
    }
  }
}
